
Microsoft Visual Studio Solution File, Format Version 12.00
# Visual Studio 15
VisualStudioVersion = 15.0.28307.136
MinimumVisualStudioVersion = 10.0.40219.1
Project("{FAE04EC0-301F-11D3-BF4B-00C04F79EFBC}") = "№1", "№1\№1.csproj", "{A6387DE5-1C04-4A56-8F70-9ABC3E6845CC}"
EndProject
Project("{FAE04EC0-301F-11D3-BF4B-00C04F79EFBC}") = "№2", "№2\№2.csproj", "{D0E34C55-4827-48BD-84D0-39074E1B53D4}"
EndProject
Project("{FAE04EC0-301F-11D3-BF4B-00C04F79EFBC}") = "№3", "№3\№3.csproj", "{516DAF93-EB5E-4901-9EAC-835B4969AE32}"
EndProject
Global
	GlobalSection(SolutionConfigurationPlatforms) = preSolution
		Debug|Any CPU = Debug|Any CPU
		Release|Any CPU = Release|Any CPU
	EndGlobalSection
	GlobalSection(ProjectConfigurationPlatforms) = postSolution
		{A6387DE5-1C04-4A56-8F70-9ABC3E6845CC}.Debug|Any CPU.ActiveCfg = Debug|Any CPU
		{A6387DE5-1C04-4A56-8F70-9ABC3E6845CC}.Debug|Any CPU.Build.0 = Debug|Any CPU
		{A6387DE5-1C04-4A56-8F70-9ABC3E6845CC}.Release|Any CPU.ActiveCfg = Release|Any CPU
		{A6387DE5-1C04-4A56-8F70-9ABC3E6845CC}.Release|Any CPU.Build.0 = Release|Any CPU
		{D0E34C55-4827-48BD-84D0-39074E1B53D4}.Debug|Any CPU.ActiveCfg = Debug|Any CPU
		{D0E34C55-4827-48BD-84D0-39074E1B53D4}.Debug|Any CPU.Build.0 = Debug|Any CPU
		{D0E34C55-4827-48BD-84D0-39074E1B53D4}.Release|Any CPU.ActiveCfg = Release|Any CPU
		{D0E34C55-4827-48BD-84D0-39074E1B53D4}.Release|Any CPU.Build.0 = Release|Any CPU
		{516DAF93-EB5E-4901-9EAC-835B4969AE32}.Debug|Any CPU.ActiveCfg = Debug|Any CPU
		{516DAF93-EB5E-4901-9EAC-835B4969AE32}.Debug|Any CPU.Build.0 = Debug|Any CPU
		{516DAF93-EB5E-4901-9EAC-835B4969AE32}.Release|Any CPU.ActiveCfg = Release|Any CPU
		{516DAF93-EB5E-4901-9EAC-835B4969AE32}.Release|Any CPU.Build.0 = Release|Any CPU
	EndGlobalSection
	GlobalSection(SolutionProperties) = preSolution
		HideSolutionNode = FALSE
	EndGlobalSection
	GlobalSection(ExtensibilityGlobals) = postSolution
		SolutionGuid = {051C7C3E-CBE1-4373-A2AF-97F624057920}
	EndGlobalSection
EndGlobal
